
Microsoft Visual Studio Solution File, Format Version 12.00
# Visual Studio 15
VisualStudioVersion = 15.0.26730.3
MinimumVisualStudioVersion = 10.0.40219.1
Project("{FAE04EC0-301F-11D3-BF4B-00C04F79EFBC}") = "iCamp_ITE233_new", "iCamp_ITE233_new\iCamp_ITE233_new.csproj", "{4BB48FDE-B5F6-433F-8DEE-AC9EB6C41E78}"
EndProject
Global
	GlobalSection(SolutionConfigurationPlatforms) = preSolution
		Debug|Any CPU = Debug|Any CPU
		Release|Any CPU = Release|Any CPU
	EndGlobalSection
	GlobalSection(ProjectConfigurationPlatforms) = postSolution
		{4BB48FDE-B5F6-433F-8DEE-AC9EB6C41E78}.Debug|Any CPU.ActiveCfg = Debug|Any CPU
		{4BB48FDE-B5F6-433F-8DEE-AC9EB6C41E78}.Debug|Any CPU.Build.0 = Debug|Any CPU
		{4BB48FDE-B5F6-433F-8DEE-AC9EB6C41E78}.Release|Any CPU.ActiveCfg = Release|Any CPU
		{4BB48FDE-B5F6-433F-8DEE-AC9EB6C41E78}.Release|Any CPU.Build.0 = Release|Any CPU
	EndGlobalSection
	GlobalSection(SolutionProperties) = preSolution
		HideSolutionNode = FALSE
	EndGlobalSection
	GlobalSection(ExtensibilityGlobals) = postSolution
		SolutionGuid = {A9D36095-B695-4A77-83FB-8EF003B85315}
	EndGlobalSection
EndGlobal
